
Microsoft Visual Studio Solution File, Format Version 12.00
# Visual Studio Version 17
VisualStudioVersion = 17.3.32901.215
MinimumVisualStudioVersion = 10.0.40219.1
Project("{FAE04EC0-301F-11D3-BF4B-00C04F79EFBC}") = "DBFormsApp", "DBFormsApp\DBFormsApp.csproj", "{115C78BF-8156-4104-A702-0A33360EC56F}"
EndProject
Global
	GlobalSection(SolutionConfigurationPlatforms) = preSolution
		Debug|Any CPU = Debug|Any CPU
		Release|Any CPU = Release|Any CPU
	EndGlobalSection
	GlobalSection(ProjectConfigurationPlatforms) = postSolution
		{115C78BF-8156-4104-A702-0A33360EC56F}.Debug|Any CPU.ActiveCfg = Debug|Any CPU
		{115C78BF-8156-4104-A702-0A33360EC56F}.Debug|Any CPU.Build.0 = Debug|Any CPU
		{115C78BF-8156-4104-A702-0A33360EC56F}.Release|Any CPU.ActiveCfg = Release|Any CPU
		{115C78BF-8156-4104-A702-0A33360EC56F}.Release|Any CPU.Build.0 = Release|Any CPU
	EndGlobalSection
	GlobalSection(SolutionProperties) = preSolution
		HideSolutionNode = FALSE
	EndGlobalSection
	GlobalSection(ExtensibilityGlobals) = postSolution
		SolutionGuid = {14E88234-7025-4F5E-83C2-4E9B06BF712D}
	EndGlobalSection
EndGlobal
